// !$*UTF8*$!
{
	archiveVersion = 1;
	classes = {
	};
	objectVersion = 48;
	objects = {

/* Begin PBXBuildFile section */
		3F3D04312052FAE600E8E2DA /* Concentration.swift in Sources */ = {isa = PBXBuildFile; fileRef = 3F3D04302052FAE600E8E2DA /* Concentration.swift */; };
		3F3D04332052FCD100E8E2DA /* Card.swift in Sources */ = {isa = PBXBuildFile; fileRef = 3F3D04322052FCD100E8E2DA /* Card.swift */; };
		3F3FFE9D204848F3004A981E /* AppDelegate.swift in Sources */ = {isa = PBXBuildFile; fileRef = 3F3FFE9C204848F3004A981E /* AppDelegate.swift */; };
		3F3FFE9F204848F3004A981E /* ViewController.swift in Sources */ = {isa = PBXBuildFile; fileRef = 3F3FFE9E204848F3004A981E /* ViewController.swift */; };
		3F3FFEA2204848F3004A981E /* Main.storyboard in Resources */ = {isa = PBXBuildFile; fileRef = 3F3FFEA0204848F3004A981E /* Main.storyboard */; };
		3F3FFEA4204848F3004A981E /* Assets.xcassets in Resources */ = {isa = PBXBuildFile; fileRef = 3F3FFEA3204848F3004A981E /* Assets.xcassets */; };
		3F3FFEA7204848F3004A981E /* LaunchScreen.storyboard in Resources */ = {isa = PBXBuildFile; fileRef = 3F3FFEA5204848F3004A981E /* LaunchScreen.storyboard */; };
		3F3FFEB2204848F3004A981E /* ConcentrationTests.swift in Sources */ = {isa = PBXBuildFile; fileRef = 3F3FFEB1204848F3004A981E /* ConcentrationTests.swift */; };
		3F3FFEBD204848F3004A981E /* ConcentrationUITests.swift in Sources */ = {isa = PBXBuildFile; fileRef = 3F3FFEBC204848F3004A981E /* ConcentrationUITests.swift */; };
/* End PBXBuildFile section */

/* Begin PBXContainerItemProxy section */
		3F3FFEAE204848F3004A981E /* PBXContainerItemProxy */ = {
			isa = PBXContainerItemProxy;
			containerPortal = 3F3FFE91204848F3004A981E /* Project object */;
			proxyType = 1;
			remoteGlobalIDString = 3F3FFE98204848F3004A981E;
			remoteInfo = Concentration;
		};
		3F3FFEB9204848F3004A981E /* PBXContainerItemProxy */ = {
			isa = PBXContainerItemProxy;
			containerPortal = 3F3FFE91204848F3004A981E /* Project object */;
			proxyType = 1;
			remoteGlobalIDString = 3F3FFE98204848F3004A981E;
			remoteInfo = Concentration;
		};
/* End PBXContainerItemProxy section */

/* Begin PBXFileReference section */
		3F3D04302052FAE600E8E2DA /* Concentration.swift */ = {isa = PBXFileReference; lastKnownFileType = sourcecode.swift; path = Concentration.swift; sourceTree = "<group>"; };
		3F3D04322052FCD100E8E2DA /* Card.swift */ = {isa = PBXFileReference; lastKnownFileType = sourcecode.swift; path = Card.swift; sourceTree = "<group>"; };
		3F3FFE99204848F3004A981E /* Concentration.app */ = {isa = PBXFileReference; explicitFileType = wrapper.application; includeInIndex = 0; path = Concentration.app; sourceTree = BUILT_PRODUCTS_DIR; };
		3F3FFE9C204848F3004A981E /* AppDelegate.swift */ = {isa = PBXFileReference; lastKnownFileType = sourcecode.swift; path = AppDelegate.swift; sourceTree = "<group>"; };
		3F3FFE9E204848F3004A981E /* ViewController.swift */ = {isa = PBXFileReference; lastKnownFileType = sourcecode.swift; path = ViewController.swift; sourceTree = "<group>"; };
		3F3FFEA1204848F3004A981E /* Base */ = {isa = PBXFileReference; lastKnownFileType = file.storyboard; name = Base; path = Base.lproj/Main.storyboard; sourceTree = "<group>"; };
		3F3FFEA3204848F3004A981E /* Assets.xcassets */ = {isa = PBXFileReference; lastKnownFileType = folder.assetcatalog; path = Assets.xcassets; sourceTree = "<group>"; };
		3F3FFEA6204848F3004A981E /* Base */ = {isa = PBXFileReference; lastKnownFileType = file.storyboard; name = Base; path = Base.lproj/LaunchScreen.storyboard; sourceTree = "<group>"; };
		3F3FFEA8204848F3004A981E /* Info.plist */ = {isa = PBXFileReference; lastKnownFileType = text.plist.xml; path = Info.plist; sourceTree = "<group>"; };
		3F3FFEAD204848F3004A981E /* ConcentrationTests.xctest */ = {isa = PBXFileReference; explicitFileType = wrapper.cfbundle; includeInIndex = 0; path = ConcentrationTests.xctest; sourceTree = BUILT_PRODUCTS_DIR; };
		3F3FFEB1204848F3004A981E /* ConcentrationTests.swift */ = {isa = PBXFileReference; lastKnownFileType = sourcecode.swift; path = ConcentrationTests.swift; sourceTree = "<group>"; };
		3F3FFEB3204848F3004A981E /* Info.plist */ = {isa = PBXFileReference; lastKnownFileType = text.plist.xml; path = Info.plist; sourceTree = "<group>"; };
		3F3FFEB8204848F3004A981E /* ConcentrationUITests.xctest */ = {isa = PBXFileReference; explicitFileType = wrapper.cfbundle; includeInIndex = 0; path = ConcentrationUITests.xctest; sourceTree = BUILT_PRODUCTS_DIR; };
		3F3FFEBC204848F3004A981E /* ConcentrationUITests.swift */ = {isa = PBXFileReference; lastKnownFileType = sourcecode.swift; path = ConcentrationUITests.swift; sourceTree = "<group>"; };
		3F3FFEBE204848F3004A981E /* Info.plist */ = {isa = PBXFileReference; lastKnownFileType = text.plist.xml; path = Info.plist; sourceTree = "<group>"; };
/* End PBXFileReference section */

/* Begin PBXFrameworksBuildPhase section */
		3F3FFE96204848F3004A981E /* Frameworks */ = {
			isa = PBXFrameworksBuildPhase;
			buildActionMask = 2147483647;
			files = (
			);
			runOnlyForDeploymentPostprocessing = 0;
		};
		3F3FFEAA204848F3004A981E /* Frameworks */ = {
			isa = PBXFrameworksBuildPhase;
			buildActionMask = 2147483647;
			files = (
			);
			runOnlyForDeploymentPostprocessing = 0;
		};
		3F3FFEB5204848F3004A981E /* Frameworks */ = {
			isa = PBXFrameworksBuildPhase;
			buildActionMask = 2147483647;
			files = (
			);
			runOnlyForDeploymentPostprocessing = 0;
		};
/* End PBXFrameworksBuildPhase section */

/* Begin PBXGroup section */
		3F3FFE90204848F3004A981E = {
			isa = PBXGroup;
			children = (
				3F3FFE9B204848F3004A981E /* Concentration */,
				3F3FFEB0204848F3004A981E /* ConcentrationTests */,
				3F3FFEBB204848F3004A981E /* ConcentrationUITests */,
				3F3FFE9A204848F3004A981E /* Products */,
			);
			sourceTree = "<group>";
		};
		3F3FFE9A204848F3004A981E /* Products */ = {
			isa = PBXGroup;
			children = (
				3F3FFE99204848F3004A981E /* Concentration.app */,
				3F3FFEAD204848F3004A981E /* ConcentrationTests.xctest */,
				3F3FFEB8204848F3004A981E /* ConcentrationUITests.xctest */,
			);
			name = Products;
			sourceTree = "<group>";
		};
		3F3FFE9B204848F3004A981E /* Concentration */ = {
			isa = PBXGroup;
			children = (
				3F3D04302052FAE600E8E2DA /* Concentration.swift */,
				3F3D04322052FCD100E8E2DA /* Card.swift */,
				3F3FFE9C204848F3004A981E /* AppDelegate.swift */,
				3F3FFE9E204848F3004A981E /* ViewController.swift */,
				3F3FFEA0204848F3004A981E /* Main.storyboard */,
				3F3FFEA3204848F3004A981E /* Assets.xcassets */,
				3F3FFEA5204848F3004A981E /* LaunchScreen.storyboard */,
				3F3FFEA8204848F3004A981E /* Info.plist */,
			);
			path = Concentration;
			sourceTree = "<group>";
		};
		3F3FFEB0204848F3004A981E /* ConcentrationTests */ = {
			isa = PBXGroup;
			children = (
				3F3FFEB1204848F3004A981E /* ConcentrationTests.swift */,
				3F3FFEB3204848F3004A981E /* Info.plist */,
			);
			path = ConcentrationTests;
			sourceTree = "<group>";
		};
		3F3FFEBB204848F3004A981E /* ConcentrationUITests */ = {
			isa = PBXGroup;
			children = (
				3F3FFEBC204848F3004A981E /* ConcentrationUITests.swift */,
				3F3FFEBE204848F3004A981E /* Info.plist */,
			);
			path = ConcentrationUITests;
			sourceTree = "<group>";
		};
/* End PBXGroup section */

/* Begin PBXNativeTarget section */
		3F3FFE98204848F3004A981E /* Concentration */ = {
			isa = PBXNativeTarget;
			buildConfigurationList = 3F3FFEC1204848F3004A981E /* Build configuration list for PBXNativeTarget "Concentration" */;
			buildPhases = (
				3F3FFE95204848F3004A981E /* Sources */,
				3F3FFE96204848F3004A981E /* Frameworks */,
				3F3FFE97204848F3004A981E /* Resources */,
			);
			buildRules = (
			);
			dependencies = (
			);
			name = Concentration;
			productName = Concentration;
			productReference = 3F3FFE99204848F3004A981E /* Concentration.app */;
			productType = "com.apple.product-type.application";
		};
		3F3FFEAC204848F3004A981E /* ConcentrationTests */ = {
			isa = PBXNativeTarget;
			buildConfigurationList = 3F3FFEC4204848F3004A981E /* Build configuration list for PBXNativeTarget "ConcentrationTests" */;
			buildPhases = (
				3F3FFEA9204848F3004A981E /* Sources */,
				3F3FFEAA204848F3004A981E /* Frameworks */,
				3F3FFEAB204848F3004A981E /* Resources */,
			);
			buildRules = (
			);
			dependencies = (
				3F3FFEAF204848F3004A981E /* PBXTargetDependency */,
			);
			name = ConcentrationTests;
			productName = ConcentrationTests;
			productReference = 3F3FFEAD204848F3004A981E /* ConcentrationTests.xctest */;
			productType = "com.apple.product-type.bundle.unit-test";
		};
		3F3FFEB7204848F3004A981E /* ConcentrationUITests */ = {
			isa = PBXNativeTarget;
			buildConfigurationList = 3F3FFEC7204848F3004A981E /* Build configuration list for PBXNativeTarget "ConcentrationUITests" */;
			buildPhases = (
				3F3FFEB4204848F3004A981E /* Sources */,
				3F3FFEB5204848F3004A981E /* Frameworks */,
				3F3FFEB6204848F3004A981E /* Resources */,
			);
			buildRules = (
			);
			dependencies = (
				3F3FFEBA204848F3004A981E /* PBXTargetDependency */,
			);
			name = ConcentrationUITests;
			productName = ConcentrationUITests;
			productReference = 3F3FFEB8204848F3004A981E /* ConcentrationUITests.xctest */;
			productType = "com.apple.product-type.bundle.ui-testing";
		};
/* End PBXNativeTarget section */

/* Begin PBXProject section */
		3F3FFE91204848F3004A981E /* Project object */ = {
			isa = PBXProject;
			attributes = {
				LastSwiftUpdateCheck = 0920;
				LastUpgradeCheck = 0940;
				ORGANIZATIONNAME = lwatkins2;
				TargetAttributes = {
					3F3FFE98204848F3004A981E = {
						CreatedOnToolsVersion = 9.2;
						ProvisioningStyle = Automatic;
					};
					3F3FFEAC204848F3004A981E = {
						CreatedOnToolsVersion = 9.2;
						ProvisioningStyle = Automatic;
						TestTargetID = 3F3FFE98204848F3004A981E;
					};
					3F3FFEB7204848F3004A981E = {
						CreatedOnToolsVersion = 9.2;
						ProvisioningStyle = Automatic;
						TestTargetID = 3F3FFE98204848F3004A981E;
					};
				};
			};
			buildConfigurationList = 3F3FFE94204848F3004A981E /* Build configuration list for PBXProject "Concentration" */;
			compatibilityVersion = "Xcode 8.0";
			developmentRegion = en;
			hasScannedForEncodings = 0;
			knownRegions = (
				en,
				Base,
			);
			mainGroup = 3F3FFE90204848F3004A981E;
			productRefGroup = 3F3FFE9A204848F3004A981E /* Products */;
			projectDirPath = "";
			projectRoot = "";
			targets = (
				3F3FFE98204848F3004A981E /* Concentration */,
				3F3FFEAC204848F3004A981E /* ConcentrationTests */,
				3F3FFEB7204848F3004A981E /* ConcentrationUITests */,
			);
		};
/* End PBXProject section */

/* Begin PBXResourcesBuildPhase section */
		3F3FFE97204848F3004A981E /* Resources */ = {
			isa = PBXResourcesBuildPhase;
			buildActionMask = 2147483647;
			files = (
				3F3FFEA7204848F3004A981E /* LaunchScreen.storyboard in Resources */,
				3F3FFEA4204848F3004A981E /* Assets.xcassets in Resources */,
				3F3FFEA2204848F3004A981E /* Main.storyboard in Resources */,
			);
			runOnlyForDeploymentPostprocessing = 0;
		};
		3F3FFEAB204848F3004A981E /* Resources */ = {
			isa = PBXResourcesBuildPhase;
			buildActionMask = 2147483647;
			files = (
			);
			runOnlyForDeploymentPostprocessing = 0;
		};
		3F3FFEB6204848F3004A981E /* Resources */ = {
			isa = PBXResourcesBuildPhase;
			buildActionMask = 2147483647;
			files = (
			);
			runOnlyForDeploymentPostprocessing = 0;
		};
/* End PBXResourcesBuildPhase section */

/* Begin PBXSourcesBuildPhase section */
		3F3FFE95204848F3004A981E /* Sources */ = {
			isa = PBXSourcesBuildPhase;
			buildActionMask = 2147483647;
			files = (
				3F3FFE9F204848F3004A981E /* ViewController.swift in Sources */,
				3F3FFE9D204848F3004A981E /* AppDelegate.swift in Sources */,
				3F3D04312052FAE600E8E2DA /* Concentration.swift in Sources */,
				3F3D04332052FCD100E8E2DA /* Card.swift in Sources */,
			);
			runOnlyForDeploymentPostprocessing = 0;
		};
		3F3FFEA9204848F3004A981E /* Sources */ = {
			isa = PBXSourcesBuildPhase;
			buildActionMask = 2147483647;
			files = (
				3F3FFEB2204848F3004A981E /* ConcentrationTests.swift in Sources */,
			);
			runOnlyForDeploymentPostprocessing = 0;
		};
		3F3FFEB4204848F3004A981E /* Sources */ = {
			isa = PBXSourcesBuildPhase;
			buildActionMask = 2147483647;
			files = (
				3F3FFEBD204848F3004A981E /* ConcentrationUITests.swift in Sources */,
			);
			runOnlyForDeploymentPostprocessing = 0;
		};
/* End PBXSourcesBuildPhase section */

/* Begin PBXTargetDependency section */
		3F3FFEAF204848F3004A981E /* PBXTargetDependency */ = {
			isa = PBXTargetDependency;
			target = 3F3FFE98204848F3004A981E /* Concentration */;
			targetProxy = 3F3FFEAE204848F3004A981E /* PBXContainerItemProxy */;
		};
		3F3FFEBA204848F3004A981E /* PBXTargetDependency */ = {
			isa = PBXTargetDependency;
			target = 3F3FFE98204848F3004A981E /* Concentration */;
			targetProxy = 3F3FFEB9204848F3004A981E /* PBXContainerItemProxy */;
		};
/* End PBXTargetDependency section */

/* Begin PBXVariantGroup section */
		3F3FFEA0204848F3004A981E /* Main.storyboard */ = {
			isa = PBXVariantGroup;
			children = (
				3F3FFEA1204848F3004A981E /* Base */,
			);
			name = Main.storyboard;
			sourceTree = "<group>";
		};
		3F3FFEA5204848F3004A981E /* LaunchScreen.storyboard */ = {
			isa = PBXVariantGroup;
			children = (
				3F3FFEA6204848F3004A981E /* Base */,
			);
			name = LaunchScreen.storyboard;
			sourceTree = "<group>";
		};
/* End PBXVariantGroup section */

/* Begin XCBuildConfiguration section */
		3F3FFEBF204848F3004A981E /* Debug */ = {
			isa = XCBuildConfiguration;
			buildSettings = {
				ALWAYS_SEARCH_USER_PATHS = NO;
				CLANG_ANALYZER_NONNULL = YES;
				CLANG_ANALYZER_NUMBER_OBJECT_CONVERSION = YES_AGGRESSIVE;
				CLANG_CXX_LANGUAGE_STANDARD = "gnu++14";
				CLANG_CXX_LIBRARY = "libc++";
				CLANG_ENABLE_MODULES = YES;
				CLANG_ENABLE_OBJC_ARC = YES;
				CLANG_WARN_BLOCK_CAPTURE_AUTORELEASING = YES;
				CLANG_WARN_BOOL_CONVERSION = YES;
				CLANG_WARN_COMMA = YES;
				CLANG_WARN_CONSTANT_CONVERSION = YES;
				CLANG_WARN_DEPRECATED_OBJC_IMPLEMENTATIONS = YES;
				CLANG_WARN_DIRECT_OBJC_ISA_USAGE = YES_ERROR;
				CLANG_WARN_DOCUMENTATION_COMMENTS = YES;
				CLANG_WARN_EMPTY_BODY = YES;
				CLANG_WARN_ENUM_CONVERSION = YES;
				CLANG_WARN_INFINITE_RECURSION = YES;
				CLANG_WARN_INT_CONVERSION = YES;
				CLANG_WARN_NON_LITERAL_NULL_CONVERSION = YES;
				CLANG_WARN_OBJC_IMPLICIT_RETAIN_SELF = YES;
				CLANG_WARN_OBJC_LITERAL_CONVERSION = YES;
				CLANG_WARN_OBJC_ROOT_CLASS = YES_ERROR;
				CLANG_WARN_RANGE_LOOP_ANALYSIS = YES;
				CLANG_WARN_STRICT_PROTOTYPES = YES;
				CLANG_WARN_SUSPICIOUS_MOVE = YES;
				CLANG_WARN_UNGUARDED_AVAILABILITY = YES_AGGRESSIVE;
				CLANG_WARN_UNREACHABLE_CODE = YES;
				CLANG_WARN__DUPLICATE_METHOD_MATCH = YES;
				CODE_SIGN_IDENTITY = "iPhone Developer";
				COPY_PHASE_STRIP = NO;
				DEBUG_INFORMATION_FORMAT = dwarf;
				ENABLE_STRICT_OBJC_MSGSEND = YES;
				ENABLE_TESTABILITY = YES;
				GCC_C_LANGUAGE_STANDARD = gnu11;
				GCC_DYNAMIC_NO_PIC = NO;
				GCC_NO_COMMON_BLOCKS = YES;
				GCC_OPTIMIZATION_LEVEL = 0;
				GCC_PREPROCESSOR_DEFINITIONS = (
					"DEBUG=1",
					"$(inherited)",
				);
				GCC_WARN_64_TO_32_BIT_CONVERSION = YES;
				GCC_WARN_ABOUT_RETURN_TYPE = YES_ERROR;
				GCC_WARN_UNDECLARED_SELECTOR = YES;
				GCC_WARN_UNINITIALIZED_AUTOS = YES_AGGRESSIVE;
				GCC_WARN_UNUSED_FUNCTION = YES;
				GCC_WARN_UNUSED_VARIABLE = YES;
				IPHONEOS_DEPLOYMENT_TARGET = 11.2;
				MTL_ENABLE_DEBUG_INFO = YES;
				ONLY_ACTIVE_ARCH = YES;
				SDKROOT = iphoneos;
				SWIFT_ACTIVE_COMPILATION_CONDITIONS = DEBUG;
				SWIFT_OPTIMIZATION_LEVEL = "-Onone";
			};
			name = Debug;
		};
		3F3FFEC0204848F3004A981E /* Release */ = {
			isa = XCBuildConfiguration;
			buildSettings = {
				ALWAYS_SEARCH_USER_PATHS = NO;
				CLANG_ANALYZER_NONNULL = YES;
				CLANG_ANALYZER_NUMBER_OBJECT_CONVERSION = YES_AGGRESSIVE;
				CLANG_CXX_LANGUAGE_STANDARD = "gnu++14";
				CLANG_CXX_LIBRARY = "libc++";
				CLANG_ENABLE_MODULES = YES;
				CLANG_ENABLE_OBJC_ARC = YES;
				CLANG_WARN_BLOCK_CAPTURE_AUTORELEASING = YES;
				CLANG_WARN_BOOL_CONVERSION = YES;
				CLANG_WARN_COMMA = YES;
				CLANG_WARN_CONSTANT_CONVERSION = YES;
				CLANG_WARN_DEPRECATED_OBJC_IMPLEMENTATIONS = YES;
				CLANG_WARN_DIRECT_OBJC_ISA_USAGE = YES_ERROR;
				CLANG_WARN_DOCUMENTATION_COMMENTS = YES;
				CLANG_WARN_EMPTY_BODY = YES;
				CLANG_WARN_ENUM_CONVERSION = YES;
				CLANG_WARN_INFINITE_RECURSION = YES;
				CLANG_WARN_INT_CONVERSION = YES;
				CLANG_WARN_NON_LITERAL_NULL_CONVERSION = YES;
				CLANG_WARN_OBJC_IMPLICIT_RETAIN_SELF = YES;
				CLANG_WARN_OBJC_LITERAL_CONVERSION = YES;
				CLANG_WARN_OBJC_ROOT_CLASS = YES_ERROR;
				CLANG_WARN_RANGE_LOOP_ANALYSIS = YES;
				CLANG_WARN_STRICT_PROTOTYPES = YES;
				CLANG_WARN_SUSPICIOUS_MOVE = YES;
				CLANG_WARN_UNGUARDED_AVAILABILITY = YES_AGGRESSIVE;
				CLANG_WARN_UNREACHABLE_CODE = YES;
				CLANG_WARN__DUPLICATE_METHOD_MATCH = YES;
				CODE_SIGN_IDENTITY = "iPhone Developer";
				COPY_PHASE_STRIP = NO;
				DEBUG_INFORMATION_FORMAT = "dwarf-with-dsym";
				ENABLE_NS_ASSERTIONS = NO;
				ENABLE_STRICT_OBJC_MSGSEND = YES;
				GCC_C_LANGUAGE_STANDARD = gnu11;
				GCC_NO_COMMON_BLOCKS = YES;
				GCC_WARN_64_TO_32_BIT_CONVERSION = YES;
				GCC_WARN_ABOUT_RETURN_TYPE = YES_ERROR;
				GCC_WARN_UNDECLARED_SELECTOR = YES;
				GCC_WARN_UNINITIALIZED_AUTOS = YES_AGGRESSIVE;
				GCC_WARN_UNUSED_FUNCTION = YES;
				GCC_WARN_UNUSED_VARIABLE = YES;
				IPHONEOS_DEPLOYMENT_TARGET = 11.2;
				MTL_ENABLE_DEBUG_INFO = NO;
				SDKROOT = iphoneos;
				SWIFT_OPTIMIZATION_LEVEL = "-Owholemodule";
				VALIDATE_PRODUCT = YES;
			};
			name = Release;
		};
		3F3FFEC2204848F3004A981E /* Debug */ = {
			isa = XCBuildConfiguration;
			buildSettings = {
				ASSETCATALOG_COMPILER_APPICON_NAME = AppIcon;
				CODE_SIGN_STYLE = Automatic;
				INFOPLIST_FILE = Concentration/Info.plist;
				LD_RUNPATH_SEARCH_PATHS = "$(inherited) @executable_path/Frameworks";
				PRODUCT_BUNDLE_IDENTIFIER = kitty.meetsworld.Concentration;
				PRODUCT_NAME = "$(TARGET_NAME)";
				SWIFT_VERSION = 4.0;
				TARGETED_DEVICE_FAMILY = "1,2";
			};
			name = Debug;
		};
		3F3FFEC3204848F3004A981E /* Release */ = {
			isa = XCBuildConfiguration;
			buildSettings = {
				ASSETCATALOG_COMPILER_APPICON_NAME = AppIcon;
				CODE_SIGN_STYLE = Automatic;
				INFOPLIST_FILE = Concentration/Info.plist;
				LD_RUNPATH_SEARCH_PATHS = "$(inherited) @executable_path/Frameworks";
				PRODUCT_BUNDLE_IDENTIFIER = kitty.meetsworld.Concentration;
				PRODUCT_NAME = "$(TARGET_NAME)";
				SWIFT_VERSION = 4.0;
				TARGETED_DEVICE_FAMILY = "1,2";
			};
			name = Release;
		};
		3F3FFEC5204848F3004A981E /* Debug */ = {
			isa = XCBuildConfiguration;
			buildSettings = {
				ALWAYS_EMBED_SWIFT_STANDARD_LIBRARIES = YES;
				BUNDLE_LOADER = "$(TEST_HOST)";
				CODE_SIGN_STYLE = Automatic;
				INFOPLIST_FILE = ConcentrationTests/Info.plist;
				LD_RUNPATH_SEARCH_PATHS = "$(inherited) @executable_path/Frameworks @loader_path/Frameworks";
				PRODUCT_BUNDLE_IDENTIFIER = kitty.meetsworld.ConcentrationTests;
				PRODUCT_NAME = "$(TARGET_NAME)";
				SWIFT_VERSION = 4.0;
				TARGETED_DEVICE_FAMILY = "1,2";
				TEST_HOST = "$(BUILT_PRODUCTS_DIR)/Concentration.app/Concentration";
			};
			name = Debug;
		};
		3F3FFEC6204848F3004A981E /* Release */ = {
			isa = XCBuildConfiguration;
			buildSettings = {
				ALWAYS_EMBED_SWIFT_STANDARD_LIBRARIES = YES;
				BUNDLE_LOADER = "$(TEST_HOST)";
				CODE_SIGN_STYLE = Automatic;
				INFOPLIST_FILE = ConcentrationTests/Info.plist;
				LD_RUNPATH_SEARCH_PATHS = "$(inherited) @executable_path/Frameworks @loader_path/Frameworks";
				PRODUCT_BUNDLE_IDENTIFIER = kitty.meetsworld.ConcentrationTests;
				PRODUCT_NAME = "$(TARGET_NAME)";
				SWIFT_VERSION = 4.0;
				TARGETED_DEVICE_FAMILY = "1,2";
				TEST_HOST = "$(BUILT_PRODUCTS_DIR)/Concentration.app/Concentration";
			};
			name = Release;
		};
		3F3FFEC8204848F3004A981E /* Debug */ = {
			isa = XCBuildConfiguration;
			buildSettings = {
				ALWAYS_EMBED_SWIFT_STANDARD_LIBRARIES = YES;
				CODE_SIGN_STYLE = Automatic;
				INFOPLIST_FILE = ConcentrationUITests/Info.plist;
				LD_RUNPATH_SEARCH_PATHS = "$(inherited) @executable_path/Frameworks @loader_path/Frameworks";
				PRODUCT_BUNDLE_IDENTIFIER = kitty.meetsworld.ConcentrationUITests;
				PRODUCT_NAME = "$(TARGET_NAME)";
				SWIFT_VERSION = 4.0;
				TARGETED_DEVICE_FAMILY = "1,2";
				TEST_TARGET_NAME = Concentration;
			};
			name = Debug;
		};
		3F3FFEC9204848F3004A981E /* Release */ = {
			isa = XCBuildConfiguration;
			buildSettings = {
				ALWAYS_EMBED_SWIFT_STANDARD_LIBRARIES = YES;
				CODE_SIGN_STYLE = Automatic;
				INFOPLIST_FILE = ConcentrationUITests/Info.plist;
				LD_RUNPATH_SEARCH_PATHS = "$(inherited) @executable_path/Frameworks @loader_path/Frameworks";
				PRODUCT_BUNDLE_IDENTIFIER = kitty.meetsworld.ConcentrationUITests;
				PRODUCT_NAME = "$(TARGET_NAME)";
				SWIFT_VERSION = 4.0;
				TARGETED_DEVICE_FAMILY = "1,2";
				TEST_TARGET_NAME = Concentration;
			};
			name = Release;
		};
/* End XCBuildConfiguration section */

/* Begin XCConfigurationList section */
		3F3FFE94204848F3004A981E /* Build configuration list for PBXProject "Concentration" */ = {
			isa = XCConfigurationList;
			buildConfigurations = (
				3F3FFEBF204848F3004A981E /* Debug */,
				3F3FFEC0204848F3004A981E /* Release */,
			);
			defaultConfigurationIsVisible = 0;
			defaultConfigurationName = Release;
		};
		3F3FFEC1204848F3004A981E /* Build configuration list for PBXNativeTarget "Concentration" */ = {
			isa = XCConfigurationList;
			buildConfigurations = (
				3F3FFEC2204848F3004A981E /* Debug */,
				3F3FFEC3204848F3004A981E /* Release */,
			);
			defaultConfigurationIsVisible = 0;
			defaultConfigurationName = Release;
		};
		3F3FFEC4204848F3004A981E /* Build configuration list for PBXNativeTarget "ConcentrationTests" */ = {
			isa = XCConfigurationList;
			buildConfigurations = (
				3F3FFEC5204848F3004A981E /* Debug */,
				3F3FFEC6204848F3004A981E /* Release */,
			);
			defaultConfigurationIsVisible = 0;
			defaultConfigurationName = Release;
		};
		3F3FFEC7204848F3004A981E /* Build configuration list for PBXNativeTarget "ConcentrationUITests" */ = {
			isa = XCConfigurationList;
			buildConfigurations = (
				3F3FFEC8204848F3004A981E /* Debug */,
				3F3FFEC9204848F3004A981E /* Release */,
			);
			defaultConfigurationIsVisible = 0;
			defaultConfigurationName = Release;
		};
/* End XCConfigurationList section */
	};
	rootObject = 3F3FFE91204848F3004A981E /* Project object */;
}
